
Microsoft Visual Studio Solution File, Format Version 12.00
# Visual Studio Version 16
VisualStudioVersion = 16.0.31410.357
MinimumVisualStudioVersion = 10.0.40219.1
Project("{FAE04EC0-301F-11D3-BF4B-00C04F79EFBC}") = "ValueReferanceType", "ValueReferanceType.csproj", "{D2783AD8-CE9C-4F6F-8B10-E7A907170DF2}"
EndProject
Global
	GlobalSection(SolutionConfigurationPlatforms) = preSolution
		Debug|Any CPU = Debug|Any CPU
		Release|Any CPU = Release|Any CPU
	EndGlobalSection
	GlobalSection(ProjectConfigurationPlatforms) = postSolution
		{D2783AD8-CE9C-4F6F-8B10-E7A907170DF2}.Debug|Any CPU.ActiveCfg = Debug|Any CPU
		{D2783AD8-CE9C-4F6F-8B10-E7A907170DF2}.Debug|Any CPU.Build.0 = Debug|Any CPU
		{D2783AD8-CE9C-4F6F-8B10-E7A907170DF2}.Release|Any CPU.ActiveCfg = Release|Any CPU
		{D2783AD8-CE9C-4F6F-8B10-E7A907170DF2}.Release|Any CPU.Build.0 = Release|Any CPU
	EndGlobalSection
	GlobalSection(SolutionProperties) = preSolution
		HideSolutionNode = FALSE
	EndGlobalSection
	GlobalSection(ExtensibilityGlobals) = postSolution
		SolutionGuid = {3B181716-BC6F-4AA9-98D5-5B3C1F74BD31}
	EndGlobalSection
EndGlobal
