
Microsoft Visual Studio Solution File, Format Version 12.00
# Visual Studio Version 16
VisualStudioVersion = 16.0.31424.327
MinimumVisualStudioVersion = 10.0.40219.1
Project("{FAE04EC0-301F-11D3-BF4B-00C04F79EFBC}") = "Delegates", "Delegates.csproj", "{F8FA2BF4-16DC-45EA-AEB6-77FC2A3C4590}"
EndProject
Global
	GlobalSection(SolutionConfigurationPlatforms) = preSolution
		Debug|Any CPU = Debug|Any CPU
		Release|Any CPU = Release|Any CPU
	EndGlobalSection
	GlobalSection(ProjectConfigurationPlatforms) = postSolution
		{F8FA2BF4-16DC-45EA-AEB6-77FC2A3C4590}.Debug|Any CPU.ActiveCfg = Debug|Any CPU
		{F8FA2BF4-16DC-45EA-AEB6-77FC2A3C4590}.Debug|Any CPU.Build.0 = Debug|Any CPU
		{F8FA2BF4-16DC-45EA-AEB6-77FC2A3C4590}.Release|Any CPU.ActiveCfg = Release|Any CPU
		{F8FA2BF4-16DC-45EA-AEB6-77FC2A3C4590}.Release|Any CPU.Build.0 = Release|Any CPU
	EndGlobalSection
	GlobalSection(SolutionProperties) = preSolution
		HideSolutionNode = FALSE
	EndGlobalSection
	GlobalSection(ExtensibilityGlobals) = postSolution
		SolutionGuid = {66B723B3-9D45-4E1B-A0B9-F915BADA4D0C}
	EndGlobalSection
EndGlobal
