
Microsoft Visual Studio Solution File, Format Version 12.00
# Visual Studio Version 16
VisualStudioVersion = 16.0.31624.102
MinimumVisualStudioVersion = 10.0.40219.1
Project("{FAE04EC0-301F-11D3-BF4B-00C04F79EFBC}") = "FactoryMethod", "FactoryMethod.csproj", "{AB44CB2D-23FA-4DFE-B946-BC13413C947B}"
EndProject
Global
	GlobalSection(SolutionConfigurationPlatforms) = preSolution
		Debug|Any CPU = Debug|Any CPU
		Release|Any CPU = Release|Any CPU
	EndGlobalSection
	GlobalSection(ProjectConfigurationPlatforms) = postSolution
		{AB44CB2D-23FA-4DFE-B946-BC13413C947B}.Debug|Any CPU.ActiveCfg = Debug|Any CPU
		{AB44CB2D-23FA-4DFE-B946-BC13413C947B}.Debug|Any CPU.Build.0 = Debug|Any CPU
		{AB44CB2D-23FA-4DFE-B946-BC13413C947B}.Release|Any CPU.ActiveCfg = Release|Any CPU
		{AB44CB2D-23FA-4DFE-B946-BC13413C947B}.Release|Any CPU.Build.0 = Release|Any CPU
	EndGlobalSection
	GlobalSection(SolutionProperties) = preSolution
		HideSolutionNode = FALSE
	EndGlobalSection
	GlobalSection(ExtensibilityGlobals) = postSolution
		SolutionGuid = {C168BBE5-3D63-47AA-86CD-890AEA09FB0A}
	EndGlobalSection
EndGlobal
